dependencies:
- name: common
  repository: https://charts.bitnami.com/bitnami
  version: 2.2.5
- name: reloader
  repository: https://stakater.github.io/stakater-charts
  version: 1.0.27
digest: sha256:4a255609df1a81a6333886520d6633c4936d10d0046b1f04943bd86c95fb81b9
generated: "2023-06-11T08:12:22.492439919Z"
